
Microsoft Visual Studio Solution File, Format Version 12.00
Project("{FAE04EC0-301F-11D3-BF4B-00C04F79EFBC}") = "VL", "VL\VL.csproj", "{C7CD43BE-0C62-40EC-B216-05B856406A61}"
EndProject
Project("{FAE04EC0-301F-11D3-BF4B-00C04F79EFBC}") = "BLL", "BLL\BLL.csproj", "{6CF77F23-04C0-4CE1-96C1-9228117E7AA8}"
EndProject
Project("{FAE04EC0-301F-11D3-BF4B-00C04F79EFBC}") = "DAL", "DAL\DAL.csproj", "{6E13220F-DA6E-4282-9A7A-3AFA5B11504C}"
EndProject
Global
	GlobalSection(SolutionConfigurationPlatforms) = preSolution
		Debug|Any CPU = Debug|Any CPU
		Release|Any CPU = Release|Any CPU
	EndGlobalSection
	GlobalSection(ProjectConfigurationPlatforms) = postSolution
		{C7CD43BE-0C62-40EC-B216-05B856406A61}.Debug|Any CPU.ActiveCfg = Debug|Any CPU
		{C7CD43BE-0C62-40EC-B216-05B856406A61}.Debug|Any CPU.Build.0 = Debug|Any CPU
		{C7CD43BE-0C62-40EC-B216-05B856406A61}.Release|Any CPU.ActiveCfg = Release|Any CPU
		{C7CD43BE-0C62-40EC-B216-05B856406A61}.Release|Any CPU.Build.0 = Release|Any CPU
		{6CF77F23-04C0-4CE1-96C1-9228117E7AA8}.Debug|Any CPU.ActiveCfg = Debug|Any CPU
		{6CF77F23-04C0-4CE1-96C1-9228117E7AA8}.Debug|Any CPU.Build.0 = Debug|Any CPU
		{6CF77F23-04C0-4CE1-96C1-9228117E7AA8}.Release|Any CPU.ActiveCfg = Release|Any CPU
		{6CF77F23-04C0-4CE1-96C1-9228117E7AA8}.Release|Any CPU.Build.0 = Release|Any CPU
		{6E13220F-DA6E-4282-9A7A-3AFA5B11504C}.Debug|Any CPU.ActiveCfg = Debug|Any CPU
		{6E13220F-DA6E-4282-9A7A-3AFA5B11504C}.Debug|Any CPU.Build.0 = Debug|Any CPU
		{6E13220F-DA6E-4282-9A7A-3AFA5B11504C}.Release|Any CPU.ActiveCfg = Release|Any CPU
		{6E13220F-DA6E-4282-9A7A-3AFA5B11504C}.Release|Any CPU.Build.0 = Release|Any CPU
	EndGlobalSection
EndGlobal
